// !$*UTF8*$!
{
	archiveVersion = 1;
	classes = {
	};
	objectVersion = 46;
	objects = {

/* Begin PBXBuildFile section */
		5F9AAE8722BF56FD00548E9B /* XcodeLog.swift in Sources */ = {isa = PBXBuildFile; fileRef = 5F9AAE8622BF56FD00548E9B /* XcodeLog.swift */; };
		5F9AAE8922BF570F00548E9B /* LogStoreManifest.swift in Sources */ = {isa = PBXBuildFile; fileRef = 5F9AAE8822BF570F00548E9B /* LogStoreManifest.swift */; };
		5FA0E6E722BFB3B20093677D /* BuildHistoryEntryViewModel.swift in Sources */ = {isa = PBXBuildFile; fileRef = 5FA0E6E622BFB3B20093677D /* BuildHistoryEntryViewModel.swift */; };
		5FB21D182295D94300613E84 /* BuildHistoryEntryAPIEntity.swift in Sources */ = {isa = PBXBuildFile; fileRef = 5FB21D172295D94300613E84 /* BuildHistoryEntryAPIEntity.swift */; };
		5FB3BDA722913799009656C3 /* CommandLineAnalyzer.swift in Sources */ = {isa = PBXBuildFile; fileRef = 5FB3BDA622913799009656C3 /* CommandLineAnalyzer.swift */; };
		5FC2A6E4225A382F00B8033D /* UserDefaultBuildHistoryLocalStore.swift in Sources */ = {isa = PBXBuildFile; fileRef = 5FC2A6E3225A382F00B8033D /* UserDefaultBuildHistoryLocalStore.swift */; };
		5FC2A6E6225A52B100B8033D /* FireBaseRestBuildHistoryRemoteApi.swift in Sources */ = {isa = PBXBuildFile; fileRef = 5FC2A6E5225A52B100B8033D /* FireBaseRestBuildHistoryRemoteApi.swift */; };
		5FC2A6E8225A5A0D00B8033D /* XcodeBuilder.swift in Sources */ = {isa = PBXBuildFile; fileRef = 5FC2A6E7225A5A0D00B8033D /* XcodeBuilder.swift */; };
		5FC5F13622560576000D937A /* Array+Utils.swift in Sources */ = {isa = PBXBuildFile; fileRef = 5FC5F13522560576000D937A /* Array+Utils.swift */; };
		5FC5F17222568CE6000D937A /* BuildHistoryUseCase.swift in Sources */ = {isa = PBXBuildFile; fileRef = 5FC5F17122568CE6000D937A /* BuildHistoryUseCase.swift */; };
		5FC94AE4226248F8008D86C2 /* BuildHistoryDatasources.swift in Sources */ = {isa = PBXBuildFile; fileRef = 5FC94AE3226248F8008D86C2 /* BuildHistoryDatasources.swift */; };
		5FD0DE7B226450C500F537EE /* DateFormatter+Customs.swift in Sources */ = {isa = PBXBuildFile; fileRef = 5FD0DE7A226450C500F537EE /* DateFormatter+Customs.swift */; };
		DA362A931E5E076900660B80 /* main.swift in Sources */ = {isa = PBXBuildFile; fileRef = DA362A921E5E076900660B80 /* main.swift */; };
		DA362A9F1E5E08B400660B80 /* NSData+GZIP.m in Sources */ = {isa = PBXBuildFile; fileRef = DA362A9E1E5E08B400660B80 /* NSData+GZIP.m */; };
		DA5B62581E67402B009DC651 /* BuildHistoryEntry.swift in Sources */ = {isa = PBXBuildFile; fileRef = DA5B62571E67402B009DC651 /* BuildHistoryEntry.swift */; };
		DA5B625A1E67406E009DC651 /* BuildTimeLoggerApp.swift in Sources */ = {isa = PBXBuildFile; fileRef = DA5B62591E67406E009DC651 /* BuildTimeLoggerApp.swift */; };
		DACC7AE31E70289000D43CB7 /* NotificationManager.swift in Sources */ = {isa = PBXBuildFile; fileRef = DACC7AE21E70289000D43CB7 /* NotificationManager.swift */; };
		DACC7B391E70538D00D43CB7 /* Result.swift in Sources */ = {isa = PBXBuildFile; fileRef = DACC7B371E70538D00D43CB7 /* Result.swift */; };
		DACC7B3A1E70538D00D43CB7 /* ResultProtocol.swift in Sources */ = {isa = PBXBuildFile; fileRef = DACC7B381E70538D00D43CB7 /* ResultProtocol.swift */; };
		DACC7B3F1E70582E00D43CB7 /* TimeFormatter.swift in Sources */ = {isa = PBXBuildFile; fileRef = DACC7B3E1E70582E00D43CB7 /* TimeFormatter.swift */; };
/* End PBXBuildFile section */

/* Begin PBXCopyFilesBuildPhase section */
		DA362A8D1E5E076900660B80 /* CopyFiles */ = {
			isa = PBXCopyFilesBuildPhase;
			buildActionMask = 2147483647;
			dstPath = /usr/share/man/man1/;
			dstSubfolderSpec = 0;
			files = (
			);
			runOnlyForDeploymentPostprocessing = 1;
		};
/* End PBXCopyFilesBuildPhase section */

/* Begin PBXFileReference section */
		5F9AAE8622BF56FD00548E9B /* XcodeLog.swift */ = {isa = PBXFileReference; lastKnownFileType = sourcecode.swift; path = XcodeLog.swift; sourceTree = "<group>"; };
		5F9AAE8822BF570F00548E9B /* LogStoreManifest.swift */ = {isa = PBXFileReference; lastKnownFileType = sourcecode.swift; path = LogStoreManifest.swift; sourceTree = "<group>"; };
		5FA0E6E622BFB3B20093677D /* BuildHistoryEntryViewModel.swift */ = {isa = PBXFileReference; lastKnownFileType = sourcecode.swift; path = BuildHistoryEntryViewModel.swift; sourceTree = "<group>"; };
		5FB21D172295D94300613E84 /* BuildHistoryEntryAPIEntity.swift */ = {isa = PBXFileReference; lastKnownFileType = sourcecode.swift; path = BuildHistoryEntryAPIEntity.swift; sourceTree = "<group>"; };
		5FB3BDA622913799009656C3 /* CommandLineAnalyzer.swift */ = {isa = PBXFileReference; lastKnownFileType = sourcecode.swift; path = CommandLineAnalyzer.swift; sourceTree = "<group>"; };
		5FC2A6E3225A382F00B8033D /* UserDefaultBuildHistoryLocalStore.swift */ = {isa = PBXFileReference; lastKnownFileType = sourcecode.swift; path = UserDefaultBuildHistoryLocalStore.swift; sourceTree = "<group>"; };
		5FC2A6E5225A52B100B8033D /* FireBaseRestBuildHistoryRemoteApi.swift */ = {isa = PBXFileReference; lastKnownFileType = sourcecode.swift; path = FireBaseRestBuildHistoryRemoteApi.swift; sourceTree = "<group>"; };
		5FC2A6E7225A5A0D00B8033D /* XcodeBuilder.swift */ = {isa = PBXFileReference; lastKnownFileType = sourcecode.swift; path = XcodeBuilder.swift; sourceTree = "<group>"; };
		5FC5F13522560576000D937A /* Array+Utils.swift */ = {isa = PBXFileReference; lastKnownFileType = sourcecode.swift; path = "Array+Utils.swift"; sourceTree = "<group>"; };
		5FC5F17122568CE6000D937A /* BuildHistoryUseCase.swift */ = {isa = PBXFileReference; lastKnownFileType = sourcecode.swift; path = BuildHistoryUseCase.swift; sourceTree = "<group>"; };
		5FC94AE3226248F8008D86C2 /* BuildHistoryDatasources.swift */ = {isa = PBXFileReference; fileEncoding = 4; lastKnownFileType = sourcecode.swift; path = BuildHistoryDatasources.swift; sourceTree = "<group>"; };
		5FD0DE7A226450C500F537EE /* DateFormatter+Customs.swift */ = {isa = PBXFileReference; lastKnownFileType = sourcecode.swift; path = "DateFormatter+Customs.swift"; sourceTree = "<group>"; };
		DA362A8F1E5E076900660B80 /* BuildTimeLogger */ = {isa = PBXFileReference; explicitFileType = "compiled.mach-o.executable"; includeInIndex = 0; path = BuildTimeLogger; sourceTree = BUILT_PRODUCTS_DIR; };
		DA362A921E5E076900660B80 /* main.swift */ = {isa = PBXFileReference; lastKnownFileType = sourcecode.swift; path = main.swift; sourceTree = "<group>"; };
		DA362A9B1E5E089600660B80 /* BuildTimeLogger-Bridging-Header.h */ = {isa = PBXFileReference; lastKnownFileType = sourcecode.c.h; path = "BuildTimeLogger-Bridging-Header.h"; sourceTree = "<group>"; };
		DA362A9D1E5E08B400660B80 /* NSData+GZIP.h */ = {isa = PBXFileReference; fileEncoding = 4; lastKnownFileType = sourcecode.c.h; path = "NSData+GZIP.h"; sourceTree = "<group>"; };
		DA362A9E1E5E08B400660B80 /* NSData+GZIP.m */ = {isa = PBXFileReference; fileEncoding = 4; lastKnownFileType = sourcecode.c.objc; path = "NSData+GZIP.m"; sourceTree = "<group>"; };
		DA5B62571E67402B009DC651 /* BuildHistoryEntry.swift */ = {isa = PBXFileReference; fileEncoding = 4; lastKnownFileType = sourcecode.swift; path = BuildHistoryEntry.swift; sourceTree = "<group>"; };
		DA5B62591E67406E009DC651 /* BuildTimeLoggerApp.swift */ = {isa = PBXFileReference; fileEncoding = 4; lastKnownFileType = sourcecode.swift; path = BuildTimeLoggerApp.swift; sourceTree = "<group>"; };
		DACC7AE21E70289000D43CB7 /* NotificationManager.swift */ = {isa = PBXFileReference; fileEncoding = 4; lastKnownFileType = sourcecode.swift; path = NotificationManager.swift; sourceTree = "<group>"; };
		DACC7B371E70538D00D43CB7 /* Result.swift */ = {isa = PBXFileReference; fileEncoding = 4; lastKnownFileType = sourcecode.swift; path = Result.swift; sourceTree = "<group>"; };
		DACC7B381E70538D00D43CB7 /* ResultProtocol.swift */ = {isa = PBXFileReference; fileEncoding = 4; lastKnownFileType = sourcecode.swift; path = ResultProtocol.swift; sourceTree = "<group>"; };
		DACC7B3E1E70582E00D43CB7 /* TimeFormatter.swift */ = {isa = PBXFileReference; fileEncoding = 4; lastKnownFileType = sourcecode.swift; path = TimeFormatter.swift; sourceTree = "<group>"; };
/* End PBXFileReference section */

/* Begin PBXFrameworksBuildPhase section */
		DA362A8C1E5E076900660B80 /* Frameworks */ = {
			isa = PBXFrameworksBuildPhase;
			buildActionMask = 2147483647;
			files = (
			);
			runOnlyForDeploymentPostprocessing = 0;
		};
/* End PBXFrameworksBuildPhase section */

/* Begin PBXGroup section */
		5F9AAE8522BF56CD00548E9B /* Xcode */ = {
			isa = PBXGroup;
			children = (
				5FC2A6E7225A5A0D00B8033D /* XcodeBuilder.swift */,
				5F9AAE8622BF56FD00548E9B /* XcodeLog.swift */,
				5F9AAE8822BF570F00548E9B /* LogStoreManifest.swift */,
			);
			path = Xcode;
			sourceTree = "<group>";
		};
		5FB21D192295D98600613E84 /* Firebase */ = {
			isa = PBXGroup;
			children = (
				5FC2A6E5225A52B100B8033D /* FireBaseRestBuildHistoryRemoteApi.swift */,
				5FB21D172295D94300613E84 /* BuildHistoryEntryAPIEntity.swift */,
			);
			path = Firebase;
			sourceTree = "<group>";
		};
		5FC5F164225688EB000D937A /* Reusable */ = {
			isa = PBXGroup;
			children = (
				5FC5F16A22568979000D937A /* External Libraries */,
				DACC7B3E1E70582E00D43CB7 /* TimeFormatter.swift */,
				5FC5F13522560576000D937A /* Array+Utils.swift */,
				5FD0DE7A226450C500F537EE /* DateFormatter+Customs.swift */,
			);
			path = Reusable;
			sourceTree = "<group>";
		};
		5FC5F165225688EF000D937A /* Datalayer */ = {
			isa = PBXGroup;
			children = (
				5FC94AE3226248F8008D86C2 /* BuildHistoryDatasources.swift */,
				5FC5F16922568957000D937A /* Implementations */,
			);
			path = Datalayer;
			sourceTree = "<group>";
		};
		5FC5F166225688F2000D937A /* Business */ = {
			isa = PBXGroup;
			children = (
				5FC5F17022568CCC000D937A /* Use Cases */,
				5FC5F16822568924000D937A /* Entities */,
			);
			path = Business;
			sourceTree = "<group>";
		};
		5FC5F16722568901000D937A /* Application */ = {
			isa = PBXGroup;
			children = (
				DA5B62591E67406E009DC651 /* BuildTimeLoggerApp.swift */,
				DACC7AE21E70289000D43CB7 /* NotificationManager.swift */,
				5FB3BDA622913799009656C3 /* CommandLineAnalyzer.swift */,
			);
			path = Application;
			sourceTree = "<group>";
		};
		5FC5F16822568924000D937A /* Entities */ = {
			isa = PBXGroup;
			children = (
				DA5B62571E67402B009DC651 /* BuildHistoryEntry.swift */,
			);
			path = Entities;
			sourceTree = "<group>";
		};
		5FC5F16922568957000D937A /* Implementations */ = {
			isa = PBXGroup;
			children = (
				5F9AAE8522BF56CD00548E9B /* Xcode */,
				5FB21D192295D98600613E84 /* Firebase */,
				5FC2A6E3225A382F00B8033D /* UserDefaultBuildHistoryLocalStore.swift */,
			);
			path = Implementations;
			sourceTree = "<group>";
		};
		5FC5F16A22568979000D937A /* External Libraries */ = {
			isa = PBXGroup;
			children = (
				5FC5F16C22568993000D937A /* GZIP */,
				5FC5F16B22568991000D937A /* ResultType */,
			);
			path = "External Libraries";
			sourceTree = "<group>";
		};
		5FC5F16B22568991000D937A /* ResultType */ = {
			isa = PBXGroup;
			children = (
				DACC7B371E70538D00D43CB7 /* Result.swift */,
				DACC7B381E70538D00D43CB7 /* ResultProtocol.swift */,
			);
			path = ResultType;
			sourceTree = "<group>";
		};
		5FC5F16C22568993000D937A /* GZIP */ = {
			isa = PBXGroup;
			children = (
				DA362A9D1E5E08B400660B80 /* NSData+GZIP.h */,
				DA362A9E1E5E08B400660B80 /* NSData+GZIP.m */,
			);
			path = GZIP;
			sourceTree = "<group>";
		};
		5FC5F17022568CCC000D937A /* Use Cases */ = {
			isa = PBXGroup;
			children = (
				5FC5F17122568CE6000D937A /* BuildHistoryUseCase.swift */,
				5FA0E6E622BFB3B20093677D /* BuildHistoryEntryViewModel.swift */,
			);
			path = "Use Cases";
			sourceTree = "<group>";
		};
		5FC94AE5226249B9008D86C2 /* Supporting Files */ = {
			isa = PBXGroup;
			children = (
				DA362A9B1E5E089600660B80 /* BuildTimeLogger-Bridging-Header.h */,
			);
			path = "Supporting Files";
			sourceTree = "<group>";
		};
		DA362A861E5E076900660B80 = {
			isa = PBXGroup;
			children = (
				DA362A911E5E076900660B80 /* BuildTimeLogger */,
				DA362A901E5E076900660B80 /* Products */,
			);
			sourceTree = "<group>";
		};
		DA362A901E5E076900660B80 /* Products */ = {
			isa = PBXGroup;
			children = (
				DA362A8F1E5E076900660B80 /* BuildTimeLogger */,
			);
			name = Products;
			sourceTree = "<group>";
		};
		DA362A911E5E076900660B80 /* BuildTimeLogger */ = {
			isa = PBXGroup;
			children = (
				5FC94AE5226249B9008D86C2 /* Supporting Files */,
				DA362A921E5E076900660B80 /* main.swift */,
				5FC5F16722568901000D937A /* Application */,
				5FC5F166225688F2000D937A /* Business */,
				5FC5F165225688EF000D937A /* Datalayer */,
				5FC5F164225688EB000D937A /* Reusable */,
			);
			path = BuildTimeLogger;
			sourceTree = "<group>";
		};
/* End PBXGroup section */

/* Begin PBXNativeTarget section */
		DA362A8E1E5E076900660B80 /* BuildTimeLogger */ = {
			isa = PBXNativeTarget;
			buildConfigurationList = DA362A961E5E076900660B80 /* Build configuration list for PBXNativeTarget "BuildTimeLogger" */;
			buildPhases = (
				DA362A8B1E5E076900660B80 /* Sources */,
				DA362A8C1E5E076900660B80 /* Frameworks */,
				DA362A8D1E5E076900660B80 /* CopyFiles */,
			);
			buildRules = (
			);
			dependencies = (
			);
			name = BuildTimeLogger;
			productName = BuildTimeLogger;
			productReference = DA362A8F1E5E076900660B80 /* BuildTimeLogger */;
			productType = "com.apple.product-type.tool";
		};
/* End PBXNativeTarget section */

/* Begin PBXProject section */
		DA362A871E5E076900660B80 /* Project object */ = {
			isa = PBXProject;
			attributes = {
				LastSwiftUpdateCheck = 0820;
				LastUpgradeCheck = 1000;
				ORGANIZATIONNAME = "Marcin Religa";
				TargetAttributes = {
					DA362A8E1E5E076900660B80 = {
						CreatedOnToolsVersion = 8.2;
						LastSwiftMigration = 1000;
						ProvisioningStyle = Automatic;
					};
				};
			};
			buildConfigurationList = DA362A8A1E5E076900660B80 /* Build configuration list for PBXProject "BuildTimeLogger" */;
			compatibilityVersion = "Xcode 3.2";
			developmentRegion = English;
			hasScannedForEncodings = 0;
			knownRegions = (
				en,
			);
			mainGroup = DA362A861E5E076900660B80;
			productRefGroup = DA362A901E5E076900660B80 /* Products */;
			projectDirPath = "";
			projectRoot = "";
			targets = (
				DA362A8E1E5E076900660B80 /* BuildTimeLogger */,
			);
		};
/* End PBXProject section */

/* Begin PBXSourcesBuildPhase section */
		DA362A8B1E5E076900660B80 /* Sources */ = {
			isa = PBXSourcesBuildPhase;
			buildActionMask = 2147483647;
			files = (
				DACC7B3F1E70582E00D43CB7 /* TimeFormatter.swift in Sources */,
				5FB3BDA722913799009656C3 /* CommandLineAnalyzer.swift in Sources */,
				DACC7B391E70538D00D43CB7 /* Result.swift in Sources */,
				DA5B62581E67402B009DC651 /* BuildHistoryEntry.swift in Sources */,
				DACC7B3A1E70538D00D43CB7 /* ResultProtocol.swift in Sources */,
				DA5B625A1E67406E009DC651 /* BuildTimeLoggerApp.swift in Sources */,
				5FC5F13622560576000D937A /* Array+Utils.swift in Sources */,
				5FC2A6E6225A52B100B8033D /* FireBaseRestBuildHistoryRemoteApi.swift in Sources */,
				5FC2A6E8225A5A0D00B8033D /* XcodeBuilder.swift in Sources */,
				DACC7AE31E70289000D43CB7 /* NotificationManager.swift in Sources */,
				5F9AAE8722BF56FD00548E9B /* XcodeLog.swift in Sources */,
				5FB21D182295D94300613E84 /* BuildHistoryEntryAPIEntity.swift in Sources */,
				DA362A9F1E5E08B400660B80 /* NSData+GZIP.m in Sources */,
				DA362A931E5E076900660B80 /* main.swift in Sources */,
				5FC5F17222568CE6000D937A /* BuildHistoryUseCase.swift in Sources */,
				5FC2A6E4225A382F00B8033D /* UserDefaultBuildHistoryLocalStore.swift in Sources */,
				5F9AAE8922BF570F00548E9B /* LogStoreManifest.swift in Sources */,
				5FD0DE7B226450C500F537EE /* DateFormatter+Customs.swift in Sources */,
				5FA0E6E722BFB3B20093677D /* BuildHistoryEntryViewModel.swift in Sources */,
				5FC94AE4226248F8008D86C2 /* BuildHistoryDatasources.swift in Sources */,
			);
			runOnlyForDeploymentPostprocessing = 0;
		};
/* End PBXSourcesBuildPhase section */

/* Begin XCBuildConfiguration section */
		DA362A941E5E076900660B80 /* Debug */ = {
			isa = XCBuildConfiguration;
			buildSettings = {
				ALWAYS_SEARCH_USER_PATHS = NO;
				CLANG_ANALYZER_NONNULL = YES;
				CLANG_CXX_LANGUAGE_STANDARD = "gnu++0x";
				CLANG_CXX_LIBRARY = "libc++";
				CLANG_ENABLE_MODULES = YES;
				CLANG_ENABLE_OBJC_ARC = YES;
				CLANG_WARN_BLOCK_CAPTURE_AUTORELEASING = YES;
				CLANG_WARN_BOOL_CONVERSION = YES;
				CLANG_WARN_COMMA = YES;
				CLANG_WARN_CONSTANT_CONVERSION = YES;
				CLANG_WARN_DEPRECATED_OBJC_IMPLEMENTATIONS = YES;
				CLANG_WARN_DIRECT_OBJC_ISA_USAGE = YES_ERROR;
				CLANG_WARN_DOCUMENTATION_COMMENTS = YES;
				CLANG_WARN_EMPTY_BODY = YES;
				CLANG_WARN_ENUM_CONVERSION = YES;
				CLANG_WARN_INFINITE_RECURSION = YES;
				CLANG_WARN_INT_CONVERSION = YES;
				CLANG_WARN_NON_LITERAL_NULL_CONVERSION = YES;
				CLANG_WARN_OBJC_IMPLICIT_RETAIN_SELF = YES;
				CLANG_WARN_OBJC_LITERAL_CONVERSION = YES;
				CLANG_WARN_OBJC_ROOT_CLASS = YES_ERROR;
				CLANG_WARN_RANGE_LOOP_ANALYSIS = YES;
				CLANG_WARN_STRICT_PROTOTYPES = YES;
				CLANG_WARN_SUSPICIOUS_MOVE = YES;
				CLANG_WARN_UNREACHABLE_CODE = YES;
				CLANG_WARN__DUPLICATE_METHOD_MATCH = YES;
				CODE_SIGN_IDENTITY = "-";
				COPY_PHASE_STRIP = NO;
				DEBUG_INFORMATION_FORMAT = dwarf;
				ENABLE_STRICT_OBJC_MSGSEND = YES;
				ENABLE_TESTABILITY = YES;
				GCC_C_LANGUAGE_STANDARD = gnu99;
				GCC_DYNAMIC_NO_PIC = NO;
				GCC_NO_COMMON_BLOCKS = YES;
				GCC_OPTIMIZATION_LEVEL = 0;
				GCC_PREPROCESSOR_DEFINITIONS = (
					"DEBUG=1",
					"$(inherited)",
				);
				GCC_WARN_64_TO_32_BIT_CONVERSION = YES;
				GCC_WARN_ABOUT_RETURN_TYPE = YES_ERROR;
				GCC_WARN_UNDECLARED_SELECTOR = YES;
				GCC_WARN_UNINITIALIZED_AUTOS = YES_AGGRESSIVE;
				GCC_WARN_UNUSED_FUNCTION = YES;
				GCC_WARN_UNUSED_VARIABLE = YES;
				MACOSX_DEPLOYMENT_TARGET = 10.12;
				MTL_ENABLE_DEBUG_INFO = YES;
				ONLY_ACTIVE_ARCH = YES;
				SDKROOT = macosx;
				SWIFT_OPTIMIZATION_LEVEL = "-Onone";
			};
			name = Debug;
		};
		DA362A951E5E076900660B80 /* Release */ = {
			isa = XCBuildConfiguration;
			buildSettings = {
				ALWAYS_SEARCH_USER_PATHS = NO;
				CLANG_ANALYZER_NONNULL = YES;
				CLANG_CXX_LANGUAGE_STANDARD = "gnu++0x";
				CLANG_CXX_LIBRARY = "libc++";
				CLANG_ENABLE_MODULES = YES;
				CLANG_ENABLE_OBJC_ARC = YES;
				CLANG_WARN_BLOCK_CAPTURE_AUTORELEASING = YES;
				CLANG_WARN_BOOL_CONVERSION = YES;
				CLANG_WARN_COMMA = YES;
				CLANG_WARN_CONSTANT_CONVERSION = YES;
				CLANG_WARN_DEPRECATED_OBJC_IMPLEMENTATIONS = YES;
				CLANG_WARN_DIRECT_OBJC_ISA_USAGE = YES_ERROR;
				CLANG_WARN_DOCUMENTATION_COMMENTS = YES;
				CLANG_WARN_EMPTY_BODY = YES;
				CLANG_WARN_ENUM_CONVERSION = YES;
				CLANG_WARN_INFINITE_RECURSION = YES;
				CLANG_WARN_INT_CONVERSION = YES;
				CLANG_WARN_NON_LITERAL_NULL_CONVERSION = YES;
				CLANG_WARN_OBJC_IMPLICIT_RETAIN_SELF = YES;
				CLANG_WARN_OBJC_LITERAL_CONVERSION = YES;
				CLANG_WARN_OBJC_ROOT_CLASS = YES_ERROR;
				CLANG_WARN_RANGE_LOOP_ANALYSIS = YES;
				CLANG_WARN_STRICT_PROTOTYPES = YES;
				CLANG_WARN_SUSPICIOUS_MOVE = YES;
				CLANG_WARN_UNREACHABLE_CODE = YES;
				CLANG_WARN__DUPLICATE_METHOD_MATCH = YES;
				CODE_SIGN_IDENTITY = "-";
				COPY_PHASE_STRIP = NO;
				DEBUG_INFORMATION_FORMAT = "dwarf-with-dsym";
				ENABLE_NS_ASSERTIONS = NO;
				ENABLE_STRICT_OBJC_MSGSEND = YES;
				GCC_C_LANGUAGE_STANDARD = gnu99;
				GCC_NO_COMMON_BLOCKS = YES;
				GCC_WARN_64_TO_32_BIT_CONVERSION = YES;
				GCC_WARN_ABOUT_RETURN_TYPE = YES_ERROR;
				GCC_WARN_UNDECLARED_SELECTOR = YES;
				GCC_WARN_UNINITIALIZED_AUTOS = YES_AGGRESSIVE;
				GCC_WARN_UNUSED_FUNCTION = YES;
				GCC_WARN_UNUSED_VARIABLE = YES;
				MACOSX_DEPLOYMENT_TARGET = 10.12;
				MTL_ENABLE_DEBUG_INFO = NO;
				SDKROOT = macosx;
				SWIFT_COMPILATION_MODE = wholemodule;
			};
			name = Release;
		};
		DA362A971E5E076900660B80 /* Debug */ = {
			isa = XCBuildConfiguration;
			buildSettings = {
				CLANG_ENABLE_MODULES = YES;
				LD_RUNPATH_SEARCH_PATHS = "$(inherited) @executable_path/../Frameworks @loader_path/../Frameworks";
				PRODUCT_NAME = "$(TARGET_NAME)";
				SWIFT_OBJC_BRIDGING_HEADER = "BuildTimeLogger/Supporting Files/BuildTimeLogger-Bridging-Header.h";
				SWIFT_OPTIMIZATION_LEVEL = "-Onone";
				SWIFT_SWIFT3_OBJC_INFERENCE = Default;
				SWIFT_VERSION = 4.2;
			};
			name = Debug;
		};
		DA362A981E5E076900660B80 /* Release */ = {
			isa = XCBuildConfiguration;
			buildSettings = {
				CLANG_ENABLE_MODULES = YES;
				LD_RUNPATH_SEARCH_PATHS = "$(inherited) @executable_path/../Frameworks @loader_path/../Frameworks";
				PRODUCT_NAME = "$(TARGET_NAME)";
				SWIFT_OBJC_BRIDGING_HEADER = "BuildTimeLogger/Supporting Files/BuildTimeLogger-Bridging-Header.h";
				SWIFT_SWIFT3_OBJC_INFERENCE = Default;
				SWIFT_VERSION = 4.2;
			};
			name = Release;
		};
/* End XCBuildConfiguration section */

/* Begin XCConfigurationList section */
		DA362A8A1E5E076900660B80 /* Build configuration list for PBXProject "BuildTimeLogger" */ = {
			isa = XCConfigurationList;
			buildConfigurations = (
				DA362A941E5E076900660B80 /* Debug */,
				DA362A951E5E076900660B80 /* Release */,
			);
			defaultConfigurationIsVisible = 0;
			defaultConfigurationName = Release;
		};
		DA362A961E5E076900660B80 /* Build configuration list for PBXNativeTarget "BuildTimeLogger" */ = {
			isa = XCConfigurationList;
			buildConfigurations = (
				DA362A971E5E076900660B80 /* Debug */,
				DA362A981E5E076900660B80 /* Release */,
			);
			defaultConfigurationIsVisible = 0;
			defaultConfigurationName = Release;
		};
/* End XCConfigurationList section */
	};
	rootObject = DA362A871E5E076900660B80 /* Project object */;
}
